{
  "nodes": {
    "ags": {
      "inputs": {
        "nixpkgs": [
          "nixpkgs"
        ]
      },
      "locked": {
        "lastModified": 1714402202,
        "narHash": "sha256-Ga7MdGc1CA+WwLB7xAEbuzXzGtEM2346kUDvq8ymgJc=",
        "owner": "Aylur",
        "repo": "ags",
        "rev": "bb91f7c8fdd2f51c79d3af3f2881cacbdff19f60",
        "type": "github"
      },
      "original": {
        "owner": "Aylur",
        "repo": "ags",
        "type": "github"
      }
    },
    "crane": {
      "inputs": {
        "nixpkgs": [
          "lanzaboote",
          "nixpkgs"
        ]
      },
      "locked": {
        "lastModified": 1711299236,
        "narHash": "sha256-6/JsyozOMKN8LUGqWMopKTSiK8N79T8Q+hcxu2KkTXg=",
        "owner": "ipetkov",
        "repo": "crane",
        "rev": "880573f80d09e18a11713f402b9e6172a085449f",
        "type": "github"
      },
      "original": {
        "owner": "ipetkov",
        "repo": "crane",
        "type": "github"
      }
    },
    "flake-compat": {
      "flake": false,
      "locked": {
        "lastModified": 1696426674,
        "narHash": "sha256-kvjfFW7WAETZlt09AgDn1MrtKzP7t90Vf7vypd3OL1U=",
        "owner": "edolstra",
        "repo": "flake-compat",
        "rev": "0f9255e01c2351cc7d116c072cb317785dd33b33",
        "type": "github"
      },
      "original": {
        "owner": "edolstra",
        "repo": "flake-compat",
        "type": "github"
      }
    },
    "flake-parts": {
      "inputs": {
        "nixpkgs-lib": "nixpkgs-lib"
      },
      "locked": {
        "lastModified": 1714606777,
        "narHash": "sha256-bMkNmAXLj8iyTvxaaD/StcLSadbj1chPcJOjtuVnLmA=",
        "owner": "hercules-ci",
        "repo": "flake-parts",
        "rev": "4d34ce6412bc450b1d4208c953dc97c7fc764f1a",
        "type": "github"
      },
      "original": {
        "owner": "hercules-ci",
        "repo": "flake-parts",
        "type": "github"
      }
    },
    "flake-parts_2": {
      "inputs": {
        "nixpkgs-lib": [
          "lanzaboote",
          "nixpkgs"
        ]
      },
      "locked": {
        "lastModified": 1709336216,
        "narHash": "sha256-Dt/wOWeW6Sqm11Yh+2+t0dfEWxoMxGBvv3JpIocFl9E=",
        "owner": "hercules-ci",
        "repo": "flake-parts",
        "rev": "f7b3c975cf067e56e7cda6cb098ebe3fb4d74ca2",
        "type": "github"
      },
      "original": {
        "owner": "hercules-ci",
        "repo": "flake-parts",
        "type": "github"
      }
    },
    "flake-parts_3": {
      "inputs": {
        "nixpkgs-lib": "nixpkgs-lib_2"
      },
      "locked": {
        "lastModified": 1712014858,
        "narHash": "sha256-sB4SWl2lX95bExY2gMFG5HIzvva5AVMJd4Igm+GpZNw=",
        "owner": "hercules-ci",
        "repo": "flake-parts",
        "rev": "9126214d0a59633752a136528f5f3b9aa8565b7d",
        "type": "github"
      },
      "original": {
        "owner": "hercules-ci",
        "repo": "flake-parts",
        "type": "github"
      }
    },
    "flake-root": {
      "locked": {
        "lastModified": 1713493429,
        "narHash": "sha256-ztz8JQkI08tjKnsTpfLqzWoKFQF4JGu2LRz8bkdnYUk=",
        "owner": "srid",
        "repo": "flake-root",
        "rev": "bc748b93b86ee76e2032eecda33440ceb2532fcd",
        "type": "github"
      },
      "original": {
        "owner": "srid",
        "repo": "flake-root",
        "type": "github"
      }
    },
    "flake-root_2": {
      "locked": {
        "lastModified": 1713493429,
        "narHash": "sha256-ztz8JQkI08tjKnsTpfLqzWoKFQF4JGu2LRz8bkdnYUk=",
        "owner": "srid",
        "repo": "flake-root",
        "rev": "bc748b93b86ee76e2032eecda33440ceb2532fcd",
        "type": "github"
      },
      "original": {
        "owner": "srid",
        "repo": "flake-root",
        "type": "github"
      }
    },
    "flake-utils": {
      "inputs": {
        "systems": "systems"
      },
      "locked": {
        "lastModified": 1710146030,
        "narHash": "sha256-SZ5L6eA7HJ/nmkzGG7/ISclqe6oZdOZTNoesiInkXPQ=",
        "owner": "numtide",
        "repo": "flake-utils",
        "rev": "b1d9ab70662946ef0850d488da1c9019f3a9752a",
        "type": "github"
      },
      "original": {
        "owner": "numtide",
        "repo": "flake-utils",
        "type": "github"
      }
    },
    "flake-utils_2": {
      "inputs": {
        "systems": "systems_6"
      },
      "locked": {
        "lastModified": 1710146030,
        "narHash": "sha256-SZ5L6eA7HJ/nmkzGG7/ISclqe6oZdOZTNoesiInkXPQ=",
        "owner": "numtide",
        "repo": "flake-utils",
        "rev": "b1d9ab70662946ef0850d488da1c9019f3a9752a",
        "type": "github"
      },
      "original": {
        "owner": "numtide",
        "repo": "flake-utils",
        "type": "github"
      }
    },
    "flake-utils_3": {
      "locked": {
        "lastModified": 1667395993,
        "narHash": "sha256-nuEHfE/LcWyuSWnS8t12N1wc105Qtau+/OdUAjtQ0rA=",
        "owner": "numtide",
        "repo": "flake-utils",
        "rev": "5aed5285a952e0b949eb3ba02c12fa4fcfef535f",
        "type": "github"
      },
      "original": {
        "owner": "numtide",
        "repo": "flake-utils",
        "type": "github"
      }
    },
    "flake-utils_4": {
      "inputs": {
        "systems": "systems_7"
      },
      "locked": {
        "lastModified": 1705309234,
        "narHash": "sha256-uNRRNRKmJyCRC/8y1RqBkqWBLM034y4qN7EprSdmgyA=",
        "owner": "numtide",
        "repo": "flake-utils",
        "rev": "1ef2e671c3b0c19053962c07dbda38332dcebf26",
        "type": "github"
      },
      "original": {
        "owner": "numtide",
        "repo": "flake-utils",
        "type": "github"
      }
    },
    "gitignore": {
      "inputs": {
        "nixpkgs": [
          "lanzaboote",
          "pre-commit-hooks-nix",
          "nixpkgs"
        ]
      },
      "locked": {
        "lastModified": 1709087332,
        "narHash": "sha256-HG2cCnktfHsKV0s4XW83gU3F57gaTljL9KNSuG6bnQs=",
        "owner": "hercules-ci",
        "repo": "gitignore.nix",
        "rev": "637db329424fd7e46cf4185293b9cc8c88c95394",
        "type": "github"
      },
      "original": {
        "owner": "hercules-ci",
        "repo": "gitignore.nix",
        "type": "github"
      }
    },
    "home-manager": {
      "inputs": {
        "nixpkgs": [
          "nixpkgs"
        ]
      },
      "locked": {
        "lastModified": 1714043624,
        "narHash": "sha256-Xn2r0Jv95TswvPlvamCC46wwNo8ALjRCMBJbGykdhcM=",
        "owner": "nix-community",
        "repo": "home-manager",
        "rev": "86853e31dc1b62c6eeed11c667e8cdd0285d4411",
        "type": "github"
      },
      "original": {
        "owner": "nix-community",
        "ref": "release-23.11",
        "repo": "home-manager",
        "type": "github"
      }
    },
    "hypr-contrib": {
      "inputs": {
        "nixpkgs": "nixpkgs"
      },
      "locked": {
        "lastModified": 1713780596,
        "narHash": "sha256-DDAYNGSnrBwvVfpKx+XjkuecpoE9HiEf6JW+DBQgvm0=",
        "owner": "hyprwm",
        "repo": "contrib",
        "rev": "110e6dc761d5c3d352574def3479a9c39dfc4358",
        "type": "github"
      },
      "original": {
        "owner": "hyprwm",
        "repo": "contrib",
        "type": "github"
      }
    },
    "hyprcursor": {
      "inputs": {
        "hyprlang": "hyprlang",
        "nixpkgs": "nixpkgs_2",
        "systems": "systems_2"
      },
      "locked": {
        "lastModified": 1713612213,
        "narHash": "sha256-zJboXgWNpNhKyNF8H/3UYzWkx7w00TOCGKi3cwi+tsw=",
        "owner": "hyprwm",
        "repo": "hyprcursor",
        "rev": "cab4746180f210a3c1dd3d53e45c510e309e90e1",
        "type": "github"
      },
      "original": {
        "owner": "hyprwm",
        "repo": "hyprcursor",
        "type": "github"
      }
    },
    "hyprcursor_2": {
      "inputs": {
        "hyprlang": [
          "hyprland",
          "hyprlang"
        ],
        "nixpkgs": [
          "hyprland",
          "nixpkgs"
        ],
        "systems": [
          "hyprland",
          "systems"
        ]
      },
      "locked": {
        "lastModified": 1713612213,
        "narHash": "sha256-zJboXgWNpNhKyNF8H/3UYzWkx7w00TOCGKi3cwi+tsw=",
        "owner": "hyprwm",
        "repo": "hyprcursor",
        "rev": "cab4746180f210a3c1dd3d53e45c510e309e90e1",
        "type": "github"
      },
      "original": {
        "owner": "hyprwm",
        "repo": "hyprcursor",
        "type": "github"
      }
    },
    "hyprland": {
      "inputs": {
        "hyprcursor": "hyprcursor_2",
        "hyprland-protocols": "hyprland-protocols",
        "hyprlang": "hyprlang_2",
        "hyprwayland-scanner": "hyprwayland-scanner",
        "nixpkgs": "nixpkgs_3",
        "systems": "systems_3",
        "wlroots": "wlroots",
        "xdph": "xdph"
      },
      "locked": {
        "lastModified": 1714590026,
        "narHash": "sha256-xfVs55dpzCv9MS4wZ2zvuNHTDGiOWYDhoq+p4rDAels=",
        "owner": "hyprwm",
        "repo": "Hyprland",
        "rev": "02bfb2857ee0562bc95cd1f604570967250aa129",
        "type": "github"
      },
      "original": {
        "owner": "hyprwm",
        "repo": "Hyprland",
        "type": "github"
      }
    },
    "hyprland-protocols": {
      "inputs": {
        "nixpkgs": [
          "hyprland",
          "nixpkgs"
        ],
        "systems": [
          "hyprland",
          "systems"
        ]
      },
      "locked": {
        "lastModified": 1691753796,
        "narHash": "sha256-zOEwiWoXk3j3+EoF3ySUJmberFewWlagvewDRuWYAso=",
        "owner": "hyprwm",
        "repo": "hyprland-protocols",
        "rev": "0c2ce70625cb30aef199cb388f99e19a61a6ce03",
        "type": "github"
      },
      "original": {
        "owner": "hyprwm",
        "repo": "hyprland-protocols",
        "type": "github"
      }
    },
    "hyprlang": {
      "inputs": {
        "nixpkgs": [
          "hyprcursor",
          "nixpkgs"
        ],
        "systems": [
          "hyprcursor",
          "systems"
        ]
      },
      "locked": {
        "lastModified": 1713121246,
        "narHash": "sha256-502X0Q0fhN6tJK7iEUA8CghONKSatW/Mqj4Wappd++0=",
        "owner": "hyprwm",
        "repo": "hyprlang",
        "rev": "78fcaa27ae9e1d782faa3ff06c8ea55ddce63706",
        "type": "github"
      },
      "original": {
        "owner": "hyprwm",
        "repo": "hyprlang",
        "type": "github"
      }
    },
    "hyprlang_2": {
      "inputs": {
        "nixpkgs": [
          "hyprland",
          "nixpkgs"
        ],
        "systems": [
          "hyprland",
          "systems"
        ]
      },
      "locked": {
        "lastModified": 1713121246,
        "narHash": "sha256-502X0Q0fhN6tJK7iEUA8CghONKSatW/Mqj4Wappd++0=",
        "owner": "hyprwm",
        "repo": "hyprlang",
        "rev": "78fcaa27ae9e1d782faa3ff06c8ea55ddce63706",
        "type": "github"
      },
      "original": {
        "owner": "hyprwm",
        "repo": "hyprlang",
        "type": "github"
      }
    },
    "hyprlang_3": {
      "inputs": {
        "nixpkgs": [
          "hyprlock",
          "nixpkgs"
        ],
        "systems": "systems_4"
      },
      "locked": {
        "lastModified": 1713121246,
        "narHash": "sha256-502X0Q0fhN6tJK7iEUA8CghONKSatW/Mqj4Wappd++0=",
        "owner": "hyprwm",
        "repo": "hyprlang",
        "rev": "78fcaa27ae9e1d782faa3ff06c8ea55ddce63706",
        "type": "github"
      },
      "original": {
        "owner": "hyprwm",
        "repo": "hyprlang",
        "type": "github"
      }
    },
    "hyprlock": {
      "inputs": {
        "hyprlang": "hyprlang_3",
        "nixpkgs": "nixpkgs_4",
        "systems": "systems_5"
      },
      "locked": {
        "lastModified": 1713978374,
        "narHash": "sha256-jla5Wo0Qt3NEnD0OjNj85BGw0pR4Zlz5uy8AqHH7tuE=",
        "owner": "hyprwm",
        "repo": "hyprlock",
        "rev": "415262065fff0a04b229cd00165f346a86a0a73a",
        "type": "github"
      },
      "original": {
        "owner": "hyprwm",
        "repo": "hyprlock",
        "type": "github"
      }
    },
    "hyprpicker": {
      "inputs": {
        "nixpkgs": "nixpkgs_5"
      },
      "locked": {
        "lastModified": 1713196199,
        "narHash": "sha256-ifdAQO9wcw/zlAyg8fCpf5I0TtufdRS6YZoTVk1VzLM=",
        "owner": "hyprwm",
        "repo": "hyprpicker",
        "rev": "e2472f499d67568edb1b727736c587b877e85344",
        "type": "github"
      },
      "original": {
        "owner": "hyprwm",
        "repo": "hyprpicker",
        "type": "github"
      }
    },
    "hyprwayland-scanner": {
      "inputs": {
        "nixpkgs": [
          "hyprland",
          "nixpkgs"
        ],
        "systems": [
          "hyprland",
          "systems"
        ]
      },
      "locked": {
        "lastModified": 1714589749,
        "narHash": "sha256-zzkb5vc4n/YI5KHrMie7oMZlgCKxs7zm/ybVXNL02Z0=",
        "owner": "hyprwm",
        "repo": "hyprwayland-scanner",
        "rev": "c8c2151c607a036ddfc790f5f70237ab984266aa",
        "type": "github"
      },
      "original": {
        "owner": "hyprwm",
        "repo": "hyprwayland-scanner",
        "type": "github"
      }
    },
    "lanzaboote": {
      "inputs": {
        "crane": "crane",
        "flake-compat": "flake-compat",
        "flake-parts": "flake-parts_2",
        "flake-utils": "flake-utils_2",
        "nixpkgs": [
          "nixpkgs"
        ],
        "pre-commit-hooks-nix": "pre-commit-hooks-nix",
        "rust-overlay": "rust-overlay"
      },
      "locked": {
        "lastModified": 1713369831,
        "narHash": "sha256-G4OGxvlIIjphpkxcRAkf1QInYsAeqbfNh6Yl1JLy2uM=",
        "owner": "nix-community",
        "repo": "lanzaboote",
        "rev": "850f27322239f8cfa56b122cc9a278ab99a49015",
        "type": "github"
      },
      "original": {
        "owner": "nix-community",
        "repo": "lanzaboote",
        "type": "github"
      }
    },
    "nixd": {
      "inputs": {
        "flake-parts": "flake-parts_3",
        "flake-root": "flake-root_2",
        "nixpkgs": "nixpkgs_6"
      },
      "locked": {
        "lastModified": 1714536133,
        "narHash": "sha256-zVRNhlvRaWxdwO1w77uZwolrUOCEA71OUtzlNwM+DEg=",
        "owner": "nix-community",
        "repo": "nixd",
        "rev": "891b5487b7dba00c85de0ef79bbc29ffeb936005",
        "type": "github"
      },
      "original": {
        "owner": "nix-community",
        "repo": "nixd",
        "type": "github"
      }
    },
    "nixos-hardware": {
      "locked": {
        "lastModified": 1714465198,
        "narHash": "sha256-ySkEJvS0gPz2UhXm0H3P181T8fUxvDVcoUyGn0Kc5AI=",
        "owner": "nixos",
        "repo": "nixos-hardware",
        "rev": "68d680c1b7c0e67a9b2144d6776583ee83664ef4",
        "type": "github"
      },
      "original": {
        "owner": "nixos",
        "repo": "nixos-hardware",
        "type": "github"
      }
    },
    "nixpkgs": {
      "locked": {
        "lastModified": 1712163089,
        "narHash": "sha256-Um+8kTIrC19vD4/lUCN9/cU9kcOsD1O1m+axJqQPyMM=",
        "owner": "NixOS",
        "repo": "nixpkgs",
        "rev": "fd281bd6b7d3e32ddfa399853946f782553163b5",
        "type": "github"
      },
      "original": {
        "owner": "NixOS",
        "ref": "nixos-unstable",
        "repo": "nixpkgs",
        "type": "github"
      }
    },
    "nixpkgs-lib": {
      "locked": {
        "dir": "lib",
        "lastModified": 1714253743,
        "narHash": "sha256-mdTQw2XlariysyScCv2tTE45QSU9v/ezLcHJ22f0Nxc=",
        "owner": "NixOS",
        "repo": "nixpkgs",
        "rev": "58a1abdbae3217ca6b702f03d3b35125d88a2994",
        "type": "github"
      },
      "original": {
        "dir": "lib",
        "owner": "NixOS",
        "ref": "nixos-unstable",
        "repo": "nixpkgs",
        "type": "github"
      }
    },
    "nixpkgs-lib_2": {
      "locked": {
        "dir": "lib",
        "lastModified": 1711703276,
        "narHash": "sha256-iMUFArF0WCatKK6RzfUJknjem0H9m4KgorO/p3Dopkk=",
        "owner": "NixOS",
        "repo": "nixpkgs",
        "rev": "d8fe5e6c92d0d190646fb9f1056741a229980089",
        "type": "github"
      },
      "original": {
        "dir": "lib",
        "owner": "NixOS",
        "ref": "nixos-unstable",
        "repo": "nixpkgs",
        "type": "github"
      }
    },
    "nixpkgs-stable": {
      "locked": {
        "lastModified": 1710695816,
        "narHash": "sha256-3Eh7fhEID17pv9ZxrPwCLfqXnYP006RKzSs0JptsN84=",
        "owner": "NixOS",
        "repo": "nixpkgs",
        "rev": "614b4613980a522ba49f0d194531beddbb7220d3",
        "type": "github"
      },
      "original": {
        "owner": "NixOS",
        "ref": "nixos-23.11",
        "repo": "nixpkgs",
        "type": "github"
      }
    },
    "nixpkgs-unstable": {
      "locked": {
        "lastModified": 1714562304,
        "narHash": "sha256-Mr3U37Rh6tH0FbaDFu0aZDwk9mPAe7ASaqDOGgLqqLU=",
        "owner": "nixos",
        "repo": "nixpkgs",
        "rev": "bcd44e224fd68ce7d269b4f44d24c2220fd821e7",
        "type": "github"
      },
      "original": {
        "owner": "nixos",
        "ref": "nixpkgs-unstable",
        "repo": "nixpkgs",
        "type": "github"
      }
    },
    "nixpkgs_2": {
      "locked": {
        "lastModified": 1712963716,
        "narHash": "sha256-WKm9CvgCldeIVvRz87iOMi8CFVB1apJlkUT4GGvA0iM=",
        "owner": "NixOS",
        "repo": "nixpkgs",
        "rev": "cfd6b5fc90b15709b780a5a1619695a88505a176",
        "type": "github"
      },
      "original": {
        "owner": "NixOS",
        "ref": "nixos-unstable",
        "repo": "nixpkgs",
        "type": "github"
      }
    },
    "nixpkgs_3": {
      "locked": {
        "lastModified": 1714253743,
        "narHash": "sha256-mdTQw2XlariysyScCv2tTE45QSU9v/ezLcHJ22f0Nxc=",
        "owner": "NixOS",
        "repo": "nixpkgs",
        "rev": "58a1abdbae3217ca6b702f03d3b35125d88a2994",
        "type": "github"
      },
      "original": {
        "owner": "NixOS",
        "ref": "nixos-unstable",
        "repo": "nixpkgs",
        "type": "github"
      }
    },
    "nixpkgs_4": {
      "locked": {
        "lastModified": 1712963716,
        "narHash": "sha256-WKm9CvgCldeIVvRz87iOMi8CFVB1apJlkUT4GGvA0iM=",
        "owner": "NixOS",
        "repo": "nixpkgs",
        "rev": "cfd6b5fc90b15709b780a5a1619695a88505a176",
        "type": "github"
      },
      "original": {
        "owner": "NixOS",
        "ref": "nixos-unstable",
        "repo": "nixpkgs",
        "type": "github"
      }
    },
    "nixpkgs_5": {
      "locked": {
        "lastModified": 1683014792,
        "narHash": "sha256-6Va9iVtmmsw4raBc3QKvQT2KT/NGRWlvUlJj46zN8B8=",
        "owner": "NixOS",
        "repo": "nixpkgs",
        "rev": "1a411f23ba299db155a5b45d5e145b85a7aafc42",
        "type": "github"
      },
      "original": {
        "owner": "NixOS",
        "ref": "nixos-unstable",
        "repo": "nixpkgs",
        "type": "github"
      }
    },
    "nixpkgs_6": {
      "locked": {
        "lastModified": 1713596654,
        "narHash": "sha256-LJbHQQ5aX1LVth2ST+Kkse/DRzgxlVhTL1rxthvyhZc=",
        "owner": "NixOS",
        "repo": "nixpkgs",
        "rev": "fd16bb6d3bcca96039b11aa52038fafeb6e4f4be",
        "type": "github"
      },
      "original": {
        "owner": "NixOS",
        "ref": "nixpkgs-unstable",
        "repo": "nixpkgs",
        "type": "github"
      }
    },
    "nixpkgs_7": {
      "locked": {
        "lastModified": 1714531828,
        "narHash": "sha256-ILsf3bdY/hNNI/Hu5bSt2/KbmHaAVhBbNUOdGztTHEg=",
        "owner": "nixos",
        "repo": "nixpkgs",
        "rev": "0638fe2715d998fa81d173aad264eb671ce2ebc1",
        "type": "github"
      },
      "original": {
        "owner": "nixos",
        "ref": "nixos-23.11",
        "repo": "nixpkgs",
        "type": "github"
      }
    },
    "nixpkgs_8": {
      "locked": {
        "lastModified": 1675942811,
        "narHash": "sha256-/v4Z9mJmADTpXrdIlAjFa1e+gkpIIROR670UVDQFwIw=",
        "owner": "NixOS",
        "repo": "nixpkgs",
        "rev": "724bfc0892363087709bd3a5a1666296759154b1",
        "type": "github"
      },
      "original": {
        "id": "nixpkgs",
        "ref": "nixos-unstable",
        "type": "indirect"
      }
    },
    "nixpkgs_9": {
      "locked": {
        "lastModified": 1706487304,
        "narHash": "sha256-LE8lVX28MV2jWJsidW13D2qrHU/RUUONendL2Q/WlJg=",
        "owner": "NixOS",
        "repo": "nixpkgs",
        "rev": "90f456026d284c22b3e3497be980b2e47d0b28ac",
        "type": "github"
      },
      "original": {
        "owner": "NixOS",
        "ref": "nixpkgs-unstable",
        "repo": "nixpkgs",
        "type": "github"
      }
    },
    "picom": {
      "inputs": {
        "flake-utils": "flake-utils_3",
        "nixpkgs": "nixpkgs_8"
      },
      "locked": {
        "lastModified": 1676292705,
        "narHash": "sha256-lrkwimTkjYlIDga8k0VNXR19CgVQlJUxMElvs9EblE8=",
        "owner": "yaocccc",
        "repo": "picom",
        "rev": "c25f2310d27e5e36b0e1680c6a8b38995dd710b6",
        "type": "github"
      },
      "original": {
        "owner": "yaocccc",
        "repo": "picom",
        "type": "github"
      }
    },
    "pre-commit-hooks-nix": {
      "inputs": {
        "flake-compat": [
          "lanzaboote",
          "flake-compat"
        ],
        "flake-utils": [
          "lanzaboote",
          "flake-utils"
        ],
        "gitignore": "gitignore",
        "nixpkgs": [
          "lanzaboote",
          "nixpkgs"
        ],
        "nixpkgs-stable": "nixpkgs-stable"
      },
      "locked": {
        "lastModified": 1710923068,
        "narHash": "sha256-6hOpUiuxuwpXXc/xfJsBUJeqqgGI+JMJuLo45aG3cKc=",
        "owner": "cachix",
        "repo": "pre-commit-hooks.nix",
        "rev": "e611897ddfdde3ed3eaac4758635d7177ff78673",
        "type": "github"
      },
      "original": {
        "owner": "cachix",
        "repo": "pre-commit-hooks.nix",
        "type": "github"
      }
    },
    "root": {
      "inputs": {
        "ags": "ags",
        "flake-parts": "flake-parts",
        "flake-root": "flake-root",
        "flake-utils": "flake-utils",
        "home-manager": "home-manager",
        "hypr-contrib": "hypr-contrib",
        "hyprcursor": "hyprcursor",
        "hyprland": "hyprland",
        "hyprlock": "hyprlock",
        "hyprpicker": "hyprpicker",
        "lanzaboote": "lanzaboote",
        "nixd": "nixd",
        "nixos-hardware": "nixos-hardware",
        "nixpkgs": "nixpkgs_7",
        "nixpkgs-unstable": "nixpkgs-unstable",
        "picom": "picom",
        "rust-overlay": "rust-overlay_2"
      }
    },
    "rust-overlay": {
      "inputs": {
        "flake-utils": [
          "lanzaboote",
          "flake-utils"
        ],
        "nixpkgs": [
          "lanzaboote",
          "nixpkgs"
        ]
      },
      "locked": {
        "lastModified": 1711246447,
        "narHash": "sha256-g9TOluObcOEKewFo2fR4cn51Y/jSKhRRo4QZckHLop0=",
        "owner": "oxalica",
        "repo": "rust-overlay",
        "rev": "dcc802a6ec4e9cc6a1c8c393327f0c42666f22e4",
        "type": "github"
      },
      "original": {
        "owner": "oxalica",
        "repo": "rust-overlay",
        "type": "github"
      }
    },
    "rust-overlay_2": {
      "inputs": {
        "flake-utils": "flake-utils_4",
        "nixpkgs": "nixpkgs_9"
      },
      "locked": {
        "lastModified": 1714529851,
        "narHash": "sha256-YMKJW880f7LHXVRzu93xa6Ek+QLECIu0IRQbXbzZe38=",
        "owner": "oxalica",
        "repo": "rust-overlay",
        "rev": "9ca720fdcf7865385ae3b93ecdf65f1a64cb475e",
        "type": "github"
      },
      "original": {
        "owner": "oxalica",
        "repo": "rust-overlay",
        "type": "github"
      }
    },
    "systems": {
      "locked": {
        "lastModified": 1681028828,
        "narHash": "sha256-Vy1rq5AaRuLzOxct8nz4T6wlgyUR7zLU309k9mBC768=",
        "owner": "nix-systems",
        "repo": "default",
        "rev": "da67096a3b9bf56a91d16901293e51ba5b49a27e",
        "type": "github"
      },
      "original": {
        "owner": "nix-systems",
        "repo": "default",
        "type": "github"
      }
    },
    "systems_2": {
      "locked": {
        "lastModified": 1689347949,
        "narHash": "sha256-12tWmuL2zgBgZkdoB6qXZsgJEH9LR3oUgpaQq2RbI80=",
        "owner": "nix-systems",
        "repo": "default-linux",
        "rev": "31732fcf5e8fea42e59c2488ad31a0e651500f68",
        "type": "github"
      },
      "original": {
        "owner": "nix-systems",
        "repo": "default-linux",
        "type": "github"
      }
    },
    "systems_3": {
      "locked": {
        "lastModified": 1689347949,
        "narHash": "sha256-12tWmuL2zgBgZkdoB6qXZsgJEH9LR3oUgpaQq2RbI80=",
        "owner": "nix-systems",
        "repo": "default-linux",
        "rev": "31732fcf5e8fea42e59c2488ad31a0e651500f68",
        "type": "github"
      },
      "original": {
        "owner": "nix-systems",
        "repo": "default-linux",
        "type": "github"
      }
    },
    "systems_4": {
      "locked": {
        "lastModified": 1689347949,
        "narHash": "sha256-12tWmuL2zgBgZkdoB6qXZsgJEH9LR3oUgpaQq2RbI80=",
        "owner": "nix-systems",
        "repo": "default-linux",
        "rev": "31732fcf5e8fea42e59c2488ad31a0e651500f68",
        "type": "github"
      },
      "original": {
        "owner": "nix-systems",
        "repo": "default-linux",
        "type": "github"
      }
    },
    "systems_5": {
      "locked": {
        "lastModified": 1689347949,
        "narHash": "sha256-12tWmuL2zgBgZkdoB6qXZsgJEH9LR3oUgpaQq2RbI80=",
        "owner": "nix-systems",
        "repo": "default-linux",
        "rev": "31732fcf5e8fea42e59c2488ad31a0e651500f68",
        "type": "github"
      },
      "original": {
        "owner": "nix-systems",
        "repo": "default-linux",
        "type": "github"
      }
    },
    "systems_6": {
      "locked": {
        "lastModified": 1681028828,
        "narHash": "sha256-Vy1rq5AaRuLzOxct8nz4T6wlgyUR7zLU309k9mBC768=",
        "owner": "nix-systems",
        "repo": "default",
        "rev": "da67096a3b9bf56a91d16901293e51ba5b49a27e",
        "type": "github"
      },
      "original": {
        "owner": "nix-systems",
        "repo": "default",
        "type": "github"
      }
    },
    "systems_7": {
      "locked": {
        "lastModified": 1681028828,
        "narHash": "sha256-Vy1rq5AaRuLzOxct8nz4T6wlgyUR7zLU309k9mBC768=",
        "owner": "nix-systems",
        "repo": "default",
        "rev": "da67096a3b9bf56a91d16901293e51ba5b49a27e",
        "type": "github"
      },
      "original": {
        "owner": "nix-systems",
        "repo": "default",
        "type": "github"
      }
    },
    "wlroots": {
      "flake": false,
      "locked": {
        "lastModified": 1713731601,
        "narHash": "sha256-bdcKdtLkusvv85DNuJsajZLFeq7bXp+x5AGP1Sd4wD8=",
        "owner": "hyprwm",
        "repo": "wlroots-hyprland",
        "rev": "5c1d51c5a2793480f5b6c4341ad0797052aec2ea",
        "type": "github"
      },
      "original": {
        "owner": "hyprwm",
        "repo": "wlroots-hyprland",
        "rev": "5c1d51c5a2793480f5b6c4341ad0797052aec2ea",
        "type": "github"
      }
    },
    "xdph": {
      "inputs": {
        "hyprland-protocols": [
          "hyprland",
          "hyprland-protocols"
        ],
        "hyprlang": [
          "hyprland",
          "hyprlang"
        ],
        "nixpkgs": [
          "hyprland",
          "nixpkgs"
        ],
        "systems": [
          "hyprland",
          "systems"
        ]
      },
      "locked": {
        "lastModified": 1714060055,
        "narHash": "sha256-j43TS9wv9luaAlpxcxw0sjxkbcc2mGANVR2RYgo3RCw=",
        "owner": "hyprwm",
        "repo": "xdg-desktop-portal-hyprland",
        "rev": "0fe840441e43da12cd7865ed9aa8cdc35a8da85a",
        "type": "github"
      },
      "original": {
        "owner": "hyprwm",
        "repo": "xdg-desktop-portal-hyprland",
        "type": "github"
      }
    }
  },
  "root": "root",
  "version": 7
}
